
Microsoft Visual Studio Solution File, Format Version 12.00
# Visual Studio 15
VisualStudioVersion = 15.0.26730.16
MinimumVisualStudioVersion = 10.0.40219.1
Project("{9A19103F-16F7-4668-BE54-9A1E7A4F7556}") = "SchoolCompetition", "SchoolCompetition\SchoolCompetition.csproj", "{B7AC394D-340C-4578-A708-525313C3EB95}"
EndProject
Project("{9A19103F-16F7-4668-BE54-9A1E7A4F7556}") = "OneToMany", "OneToMany\OneToMany.csproj", "{C23BEE2B-AE74-4903-98FC-7271AA1A8548}"
EndProject
Project("{9A19103F-16F7-4668-BE54-9A1E7A4F7556}") = "ManyToMany", "ManyToMany\ManyToMany.csproj", "{1483EE64-0904-42BB-A7AA-0F29C4E1FA9B}"
EndProject
Project("{FAE04EC0-301F-11D3-BF4B-00C04F79EFBC}") = "ShopHierarchy5", "5ShopHierarchy\ShopHierarchy5.csproj", "{EBFEC5B1-78CD-40CA-8B88-9E2375FF2026}"
EndProject
Global
	GlobalSection(SolutionConfigurationPlatforms) = preSolution
		Debug|Any CPU = Debug|Any CPU
		Release|Any CPU = Release|Any CPU
	EndGlobalSection
	GlobalSection(ProjectConfigurationPlatforms) = postSolution
		{B7AC394D-340C-4578-A708-525313C3EB95}.Debug|Any CPU.ActiveCfg = Debug|Any CPU
		{B7AC394D-340C-4578-A708-525313C3EB95}.Debug|Any CPU.Build.0 = Debug|Any CPU
		{B7AC394D-340C-4578-A708-525313C3EB95}.Release|Any CPU.ActiveCfg = Release|Any CPU
		{B7AC394D-340C-4578-A708-525313C3EB95}.Release|Any CPU.Build.0 = Release|Any CPU
		{C23BEE2B-AE74-4903-98FC-7271AA1A8548}.Debug|Any CPU.ActiveCfg = Debug|Any CPU
		{C23BEE2B-AE74-4903-98FC-7271AA1A8548}.Debug|Any CPU.Build.0 = Debug|Any CPU
		{C23BEE2B-AE74-4903-98FC-7271AA1A8548}.Release|Any CPU.ActiveCfg = Release|Any CPU
		{C23BEE2B-AE74-4903-98FC-7271AA1A8548}.Release|Any CPU.Build.0 = Release|Any CPU
		{1483EE64-0904-42BB-A7AA-0F29C4E1FA9B}.Debug|Any CPU.ActiveCfg = Debug|Any CPU
		{1483EE64-0904-42BB-A7AA-0F29C4E1FA9B}.Debug|Any CPU.Build.0 = Debug|Any CPU
		{1483EE64-0904-42BB-A7AA-0F29C4E1FA9B}.Release|Any CPU.ActiveCfg = Release|Any CPU
		{1483EE64-0904-42BB-A7AA-0F29C4E1FA9B}.Release|Any CPU.Build.0 = Release|Any CPU
		{EBFEC5B1-78CD-40CA-8B88-9E2375FF2026}.Debug|Any CPU.ActiveCfg = Debug|Any CPU
		{EBFEC5B1-78CD-40CA-8B88-9E2375FF2026}.Debug|Any CPU.Build.0 = Debug|Any CPU
		{EBFEC5B1-78CD-40CA-8B88-9E2375FF2026}.Release|Any CPU.ActiveCfg = Release|Any CPU
		{EBFEC5B1-78CD-40CA-8B88-9E2375FF2026}.Release|Any CPU.Build.0 = Release|Any CPU
	EndGlobalSection
	GlobalSection(SolutionProperties) = preSolution
		HideSolutionNode = FALSE
	EndGlobalSection
	GlobalSection(ExtensibilityGlobals) = postSolution
		SolutionGuid = {E98BA622-BE7F-4A08-BF8E-E515BA2846A9}
	EndGlobalSection
EndGlobal
