
Microsoft Visual Studio Solution File, Format Version 12.00
# Visual Studio 15
VisualStudioVersion = 15.0.27004.2010
MinimumVisualStudioVersion = 10.0.40219.1
Project("{9A19103F-16F7-4668-BE54-9A1E7A4F7556}") = "MakeFriends.Web", "MakeFriends.Web\MakeFriends.Web.csproj", "{26DE9AA4-E3C7-4C06-9726-206254C81A2D}"
EndProject
Project("{9A19103F-16F7-4668-BE54-9A1E7A4F7556}") = "MakeFriends.Data", "MakeFriends.Data\MakeFriends.Data.csproj", "{81B6ADA9-F580-4290-945B-0317A7A1880F}"
EndProject
Project("{9A19103F-16F7-4668-BE54-9A1E7A4F7556}") = "MakeFriends.Services", "MakeFriends.Services\MakeFriends.Services.csproj", "{B6502192-022B-4E51-9960-8FDF547C47C0}"
EndProject
Project("{FAE04EC0-301F-11D3-BF4B-00C04F79EFBC}") = "MakeFriends.Common", "MakeFriends.Common\MakeFriends.Common.csproj", "{2A61338C-ACCC-432E-AFBB-9ABA8B7EEB87}"
EndProject
Global
	GlobalSection(SolutionConfigurationPlatforms) = preSolution
		Debug|Any CPU = Debug|Any CPU
		Release|Any CPU = Release|Any CPU
	EndGlobalSection
	GlobalSection(ProjectConfigurationPlatforms) = postSolution
		{26DE9AA4-E3C7-4C06-9726-206254C81A2D}.Debug|Any CPU.ActiveCfg = Debug|Any CPU
		{26DE9AA4-E3C7-4C06-9726-206254C81A2D}.Debug|Any CPU.Build.0 = Debug|Any CPU
		{26DE9AA4-E3C7-4C06-9726-206254C81A2D}.Release|Any CPU.ActiveCfg = Release|Any CPU
		{26DE9AA4-E3C7-4C06-9726-206254C81A2D}.Release|Any CPU.Build.0 = Release|Any CPU
		{81B6ADA9-F580-4290-945B-0317A7A1880F}.Debug|Any CPU.ActiveCfg = Debug|Any CPU
		{81B6ADA9-F580-4290-945B-0317A7A1880F}.Debug|Any CPU.Build.0 = Debug|Any CPU
		{81B6ADA9-F580-4290-945B-0317A7A1880F}.Release|Any CPU.ActiveCfg = Release|Any CPU
		{81B6ADA9-F580-4290-945B-0317A7A1880F}.Release|Any CPU.Build.0 = Release|Any CPU
		{B6502192-022B-4E51-9960-8FDF547C47C0}.Debug|Any CPU.ActiveCfg = Debug|Any CPU
		{B6502192-022B-4E51-9960-8FDF547C47C0}.Debug|Any CPU.Build.0 = Debug|Any CPU
		{B6502192-022B-4E51-9960-8FDF547C47C0}.Release|Any CPU.ActiveCfg = Release|Any CPU
		{B6502192-022B-4E51-9960-8FDF547C47C0}.Release|Any CPU.Build.0 = Release|Any CPU
		{2A61338C-ACCC-432E-AFBB-9ABA8B7EEB87}.Debug|Any CPU.ActiveCfg = Debug|Any CPU
		{2A61338C-ACCC-432E-AFBB-9ABA8B7EEB87}.Debug|Any CPU.Build.0 = Debug|Any CPU
		{2A61338C-ACCC-432E-AFBB-9ABA8B7EEB87}.Release|Any CPU.ActiveCfg = Release|Any CPU
		{2A61338C-ACCC-432E-AFBB-9ABA8B7EEB87}.Release|Any CPU.Build.0 = Release|Any CPU
	EndGlobalSection
	GlobalSection(SolutionProperties) = preSolution
		HideSolutionNode = FALSE
	EndGlobalSection
	GlobalSection(ExtensibilityGlobals) = postSolution
		SolutionGuid = {752B0E25-6B7E-48AF-ADD8-0A775FEF402C}
	EndGlobalSection
EndGlobal
